
Microsoft Visual Studio Solution File, Format Version 12.00
# Visual Studio Version 16
VisualStudioVersion = 16.0.29519.87
MinimumVisualStudioVersion = 10.0.40219.1
Project("{9A19103F-16F7-4668-BE54-9A1E7A4F7556}") = "AdventOfCode", "AdventOfCode\AdventOfCode.csproj", "{BC6C4A53-DC0B-4C88-B2B5-B1CC2A5BE71A}"
EndProject
Project("{9A19103F-16F7-4668-BE54-9A1E7A4F7556}") = "Shared", "Shared\Shared.csproj", "{87485CBB-070A-4D68-A4BB-EB2830DC24C9}"
EndProject
Project("{2150E333-8FDC-42A3-9474-1A3956D46DE8}") = "Days", "Days", "{FDB2DD40-3ACC-4E6C-80E8-CEFB5587079A}"
EndProject
Project("{FAE04EC0-301F-11D3-BF4B-00C04F79EFBC}") = "Day 1", "Days\Day 1\Day 1.csproj", "{94FE8D39-858A-46EF-8272-E2A0EB3AA955}"
EndProject
Project("{FAE04EC0-301F-11D3-BF4B-00C04F79EFBC}") = "Day 2", "Days\Day 2\Day 2.csproj", "{A206B124-6D66-498D-AF09-256D99AE87D9}"
EndProject
Project("{FAE04EC0-301F-11D3-BF4B-00C04F79EFBC}") = "Day 3", "Days\Day 3\Day 3.csproj", "{526B1CC0-3A78-4ED6-8E65-1BD5500D1EC9}"
EndProject
Project("{FAE04EC0-301F-11D3-BF4B-00C04F79EFBC}") = "Day 4", "Days\Day 4\Day 4.csproj", "{E0FF3693-21B6-4F8E-9E3A-FC31F96D35ED}"
EndProject
Project("{FAE04EC0-301F-11D3-BF4B-00C04F79EFBC}") = "Day 5", "Days\Day 5\Day 5.csproj", "{381A1A74-C2D4-4453-94E4-23A49565BC96}"
EndProject
Project("{FAE04EC0-301F-11D3-BF4B-00C04F79EFBC}") = "Day 6", "Days\Day 6\Day 6.csproj", "{F210996A-9E1E-4D8F-86C6-CC8C15FBEC84}"
EndProject
Project("{FAE04EC0-301F-11D3-BF4B-00C04F79EFBC}") = "Day 7", "Days\Day 7\Day 7.csproj", "{175894E1-EAB6-4442-A404-76EDBFB28C1F}"
EndProject
Project("{FAE04EC0-301F-11D3-BF4B-00C04F79EFBC}") = "Day 8", "Days\Day 8\Day 8.csproj", "{BEE79D5D-08BF-4E6D-8C21-5E9EBDAADB56}"
EndProject
Project("{FAE04EC0-301F-11D3-BF4B-00C04F79EFBC}") = "Day 9", "Days\Day 9\Day 9.csproj", "{6E1AC86C-A845-41BA-84C9-870BBF8B878E}"
EndProject
Project("{FAE04EC0-301F-11D3-BF4B-00C04F79EFBC}") = "Day 10", "Days\Day 10\Day 10.csproj", "{119E3EE2-2B9A-479B-B12E-9644D97CF20B}"
EndProject
Project("{FAE04EC0-301F-11D3-BF4B-00C04F79EFBC}") = "Day 11", "Days\Day 11\Day 11.csproj", "{174C86FE-68F3-4FEA-AFEC-301E15011D99}"
EndProject
Project("{FAE04EC0-301F-11D3-BF4B-00C04F79EFBC}") = "Day 12", "Days\Day 12\Day 12.csproj", "{034D7742-9821-43FE-AC7E-5F33E30CF69E}"
EndProject
Project("{FAE04EC0-301F-11D3-BF4B-00C04F79EFBC}") = "Day 13", "Days\Day 13\Day 13.csproj", "{33A733FA-C123-45CD-9D91-27CD7AE27392}"
EndProject
Project("{FAE04EC0-301F-11D3-BF4B-00C04F79EFBC}") = "Day 14", "Days\Day 14\Day 14.csproj", "{3FE8BF78-896C-48D9-BAF9-008F2233C9DF}"
EndProject
Project("{FAE04EC0-301F-11D3-BF4B-00C04F79EFBC}") = "Day 16", "Days\Day 16\Day 16.csproj", "{6DC2189E-8720-48BB-85D8-78C916228CE3}"
EndProject
Project("{FAE04EC0-301F-11D3-BF4B-00C04F79EFBC}") = "Day 22", "Days\Day 22\Day 22.csproj", "{57B0D102-38FD-490F-8374-5F94A7618A4A}"
EndProject
Project("{FAE04EC0-301F-11D3-BF4B-00C04F79EFBC}") = "Day 24", "Days\Day 24\Day 24.csproj", "{A57B17F3-7D5B-42D2-8490-8F8A623D7559}"
EndProject
Global
	GlobalSection(SolutionConfigurationPlatforms) = preSolution
		Debug|Any CPU = Debug|Any CPU
		Release|Any CPU = Release|Any CPU
	EndGlobalSection
	GlobalSection(ProjectConfigurationPlatforms) = postSolution
		{BC6C4A53-DC0B-4C88-B2B5-B1CC2A5BE71A}.Debug|Any CPU.ActiveCfg = Debug|Any CPU
		{BC6C4A53-DC0B-4C88-B2B5-B1CC2A5BE71A}.Debug|Any CPU.Build.0 = Debug|Any CPU
		{BC6C4A53-DC0B-4C88-B2B5-B1CC2A5BE71A}.Release|Any CPU.ActiveCfg = Release|Any CPU
		{BC6C4A53-DC0B-4C88-B2B5-B1CC2A5BE71A}.Release|Any CPU.Build.0 = Release|Any CPU
		{87485CBB-070A-4D68-A4BB-EB2830DC24C9}.Debug|Any CPU.ActiveCfg = Debug|Any CPU
		{87485CBB-070A-4D68-A4BB-EB2830DC24C9}.Debug|Any CPU.Build.0 = Debug|Any CPU
		{87485CBB-070A-4D68-A4BB-EB2830DC24C9}.Release|Any CPU.ActiveCfg = Release|Any CPU
		{87485CBB-070A-4D68-A4BB-EB2830DC24C9}.Release|Any CPU.Build.0 = Release|Any CPU
		{94FE8D39-858A-46EF-8272-E2A0EB3AA955}.Debug|Any CPU.ActiveCfg = Debug|Any CPU
		{94FE8D39-858A-46EF-8272-E2A0EB3AA955}.Debug|Any CPU.Build.0 = Debug|Any CPU
		{94FE8D39-858A-46EF-8272-E2A0EB3AA955}.Release|Any CPU.ActiveCfg = Release|Any CPU
		{94FE8D39-858A-46EF-8272-E2A0EB3AA955}.Release|Any CPU.Build.0 = Release|Any CPU
		{A206B124-6D66-498D-AF09-256D99AE87D9}.Debug|Any CPU.ActiveCfg = Debug|Any CPU
		{A206B124-6D66-498D-AF09-256D99AE87D9}.Debug|Any CPU.Build.0 = Debug|Any CPU
		{A206B124-6D66-498D-AF09-256D99AE87D9}.Release|Any CPU.ActiveCfg = Release|Any CPU
		{A206B124-6D66-498D-AF09-256D99AE87D9}.Release|Any CPU.Build.0 = Release|Any CPU
		{526B1CC0-3A78-4ED6-8E65-1BD5500D1EC9}.Debug|Any CPU.ActiveCfg = Debug|Any CPU
		{526B1CC0-3A78-4ED6-8E65-1BD5500D1EC9}.Debug|Any CPU.Build.0 = Debug|Any CPU
		{526B1CC0-3A78-4ED6-8E65-1BD5500D1EC9}.Release|Any CPU.ActiveCfg = Release|Any CPU
		{526B1CC0-3A78-4ED6-8E65-1BD5500D1EC9}.Release|Any CPU.Build.0 = Release|Any CPU
		{E0FF3693-21B6-4F8E-9E3A-FC31F96D35ED}.Debug|Any CPU.ActiveCfg = Debug|Any CPU
		{E0FF3693-21B6-4F8E-9E3A-FC31F96D35ED}.Debug|Any CPU.Build.0 = Debug|Any CPU
		{E0FF3693-21B6-4F8E-9E3A-FC31F96D35ED}.Release|Any CPU.ActiveCfg = Release|Any CPU
		{E0FF3693-21B6-4F8E-9E3A-FC31F96D35ED}.Release|Any CPU.Build.0 = Release|Any CPU
		{381A1A74-C2D4-4453-94E4-23A49565BC96}.Debug|Any CPU.ActiveCfg = Debug|Any CPU
		{381A1A74-C2D4-4453-94E4-23A49565BC96}.Debug|Any CPU.Build.0 = Debug|Any CPU
		{381A1A74-C2D4-4453-94E4-23A49565BC96}.Release|Any CPU.ActiveCfg = Release|Any CPU
		{381A1A74-C2D4-4453-94E4-23A49565BC96}.Release|Any CPU.Build.0 = Release|Any CPU
		{F210996A-9E1E-4D8F-86C6-CC8C15FBEC84}.Debug|Any CPU.ActiveCfg = Debug|Any CPU
		{F210996A-9E1E-4D8F-86C6-CC8C15FBEC84}.Debug|Any CPU.Build.0 = Debug|Any CPU
		{F210996A-9E1E-4D8F-86C6-CC8C15FBEC84}.Release|Any CPU.ActiveCfg = Release|Any CPU
		{F210996A-9E1E-4D8F-86C6-CC8C15FBEC84}.Release|Any CPU.Build.0 = Release|Any CPU
		{175894E1-EAB6-4442-A404-76EDBFB28C1F}.Debug|Any CPU.ActiveCfg = Debug|Any CPU
		{175894E1-EAB6-4442-A404-76EDBFB28C1F}.Debug|Any CPU.Build.0 = Debug|Any CPU
		{175894E1-EAB6-4442-A404-76EDBFB28C1F}.Release|Any CPU.ActiveCfg = Release|Any CPU
		{175894E1-EAB6-4442-A404-76EDBFB28C1F}.Release|Any CPU.Build.0 = Release|Any CPU
		{BEE79D5D-08BF-4E6D-8C21-5E9EBDAADB56}.Debug|Any CPU.ActiveCfg = Debug|Any CPU
		{BEE79D5D-08BF-4E6D-8C21-5E9EBDAADB56}.Debug|Any CPU.Build.0 = Debug|Any CPU
		{BEE79D5D-08BF-4E6D-8C21-5E9EBDAADB56}.Release|Any CPU.ActiveCfg = Release|Any CPU
		{BEE79D5D-08BF-4E6D-8C21-5E9EBDAADB56}.Release|Any CPU.Build.0 = Release|Any CPU
		{6E1AC86C-A845-41BA-84C9-870BBF8B878E}.Debug|Any CPU.ActiveCfg = Debug|Any CPU
		{6E1AC86C-A845-41BA-84C9-870BBF8B878E}.Debug|Any CPU.Build.0 = Debug|Any CPU
		{6E1AC86C-A845-41BA-84C9-870BBF8B878E}.Release|Any CPU.ActiveCfg = Release|Any CPU
		{6E1AC86C-A845-41BA-84C9-870BBF8B878E}.Release|Any CPU.Build.0 = Release|Any CPU
		{119E3EE2-2B9A-479B-B12E-9644D97CF20B}.Debug|Any CPU.ActiveCfg = Debug|Any CPU
		{119E3EE2-2B9A-479B-B12E-9644D97CF20B}.Debug|Any CPU.Build.0 = Debug|Any CPU
		{119E3EE2-2B9A-479B-B12E-9644D97CF20B}.Release|Any CPU.ActiveCfg = Release|Any CPU
		{119E3EE2-2B9A-479B-B12E-9644D97CF20B}.Release|Any CPU.Build.0 = Release|Any CPU
		{174C86FE-68F3-4FEA-AFEC-301E15011D99}.Debug|Any CPU.ActiveCfg = Debug|Any CPU
		{174C86FE-68F3-4FEA-AFEC-301E15011D99}.Debug|Any CPU.Build.0 = Debug|Any CPU
		{174C86FE-68F3-4FEA-AFEC-301E15011D99}.Release|Any CPU.ActiveCfg = Release|Any CPU
		{174C86FE-68F3-4FEA-AFEC-301E15011D99}.Release|Any CPU.Build.0 = Release|Any CPU
		{034D7742-9821-43FE-AC7E-5F33E30CF69E}.Debug|Any CPU.ActiveCfg = Debug|Any CPU
		{034D7742-9821-43FE-AC7E-5F33E30CF69E}.Debug|Any CPU.Build.0 = Debug|Any CPU
		{034D7742-9821-43FE-AC7E-5F33E30CF69E}.Release|Any CPU.ActiveCfg = Release|Any CPU
		{034D7742-9821-43FE-AC7E-5F33E30CF69E}.Release|Any CPU.Build.0 = Release|Any CPU
		{33A733FA-C123-45CD-9D91-27CD7AE27392}.Debug|Any CPU.ActiveCfg = Debug|Any CPU
		{33A733FA-C123-45CD-9D91-27CD7AE27392}.Debug|Any CPU.Build.0 = Debug|Any CPU
		{33A733FA-C123-45CD-9D91-27CD7AE27392}.Release|Any CPU.ActiveCfg = Release|Any CPU
		{33A733FA-C123-45CD-9D91-27CD7AE27392}.Release|Any CPU.Build.0 = Release|Any CPU
		{3FE8BF78-896C-48D9-BAF9-008F2233C9DF}.Debug|Any CPU.ActiveCfg = Debug|Any CPU
		{3FE8BF78-896C-48D9-BAF9-008F2233C9DF}.Debug|Any CPU.Build.0 = Debug|Any CPU
		{3FE8BF78-896C-48D9-BAF9-008F2233C9DF}.Release|Any CPU.ActiveCfg = Release|Any CPU
		{3FE8BF78-896C-48D9-BAF9-008F2233C9DF}.Release|Any CPU.Build.0 = Release|Any CPU
		{6DC2189E-8720-48BB-85D8-78C916228CE3}.Debug|Any CPU.ActiveCfg = Debug|Any CPU
		{6DC2189E-8720-48BB-85D8-78C916228CE3}.Debug|Any CPU.Build.0 = Debug|Any CPU
		{6DC2189E-8720-48BB-85D8-78C916228CE3}.Release|Any CPU.ActiveCfg = Release|Any CPU
		{6DC2189E-8720-48BB-85D8-78C916228CE3}.Release|Any CPU.Build.0 = Release|Any CPU
		{57B0D102-38FD-490F-8374-5F94A7618A4A}.Debug|Any CPU.ActiveCfg = Debug|Any CPU
		{57B0D102-38FD-490F-8374-5F94A7618A4A}.Debug|Any CPU.Build.0 = Debug|Any CPU
		{57B0D102-38FD-490F-8374-5F94A7618A4A}.Release|Any CPU.ActiveCfg = Release|Any CPU
		{57B0D102-38FD-490F-8374-5F94A7618A4A}.Release|Any CPU.Build.0 = Release|Any CPU
		{A57B17F3-7D5B-42D2-8490-8F8A623D7559}.Debug|Any CPU.ActiveCfg = Debug|Any CPU
		{A57B17F3-7D5B-42D2-8490-8F8A623D7559}.Debug|Any CPU.Build.0 = Debug|Any CPU
		{A57B17F3-7D5B-42D2-8490-8F8A623D7559}.Release|Any CPU.ActiveCfg = Release|Any CPU
		{A57B17F3-7D5B-42D2-8490-8F8A623D7559}.Release|Any CPU.Build.0 = Release|Any CPU
	EndGlobalSection
	GlobalSection(SolutionProperties) = preSolution
		HideSolutionNode = FALSE
	EndGlobalSection
	GlobalSection(NestedProjects) = preSolution
		{94FE8D39-858A-46EF-8272-E2A0EB3AA955} = {FDB2DD40-3ACC-4E6C-80E8-CEFB5587079A}
		{A206B124-6D66-498D-AF09-256D99AE87D9} = {FDB2DD40-3ACC-4E6C-80E8-CEFB5587079A}
		{526B1CC0-3A78-4ED6-8E65-1BD5500D1EC9} = {FDB2DD40-3ACC-4E6C-80E8-CEFB5587079A}
		{E0FF3693-21B6-4F8E-9E3A-FC31F96D35ED} = {FDB2DD40-3ACC-4E6C-80E8-CEFB5587079A}
		{381A1A74-C2D4-4453-94E4-23A49565BC96} = {FDB2DD40-3ACC-4E6C-80E8-CEFB5587079A}
		{F210996A-9E1E-4D8F-86C6-CC8C15FBEC84} = {FDB2DD40-3ACC-4E6C-80E8-CEFB5587079A}
		{175894E1-EAB6-4442-A404-76EDBFB28C1F} = {FDB2DD40-3ACC-4E6C-80E8-CEFB5587079A}
		{BEE79D5D-08BF-4E6D-8C21-5E9EBDAADB56} = {FDB2DD40-3ACC-4E6C-80E8-CEFB5587079A}
		{6E1AC86C-A845-41BA-84C9-870BBF8B878E} = {FDB2DD40-3ACC-4E6C-80E8-CEFB5587079A}
		{119E3EE2-2B9A-479B-B12E-9644D97CF20B} = {FDB2DD40-3ACC-4E6C-80E8-CEFB5587079A}
		{174C86FE-68F3-4FEA-AFEC-301E15011D99} = {FDB2DD40-3ACC-4E6C-80E8-CEFB5587079A}
		{034D7742-9821-43FE-AC7E-5F33E30CF69E} = {FDB2DD40-3ACC-4E6C-80E8-CEFB5587079A}
		{33A733FA-C123-45CD-9D91-27CD7AE27392} = {FDB2DD40-3ACC-4E6C-80E8-CEFB5587079A}
		{3FE8BF78-896C-48D9-BAF9-008F2233C9DF} = {FDB2DD40-3ACC-4E6C-80E8-CEFB5587079A}
		{6DC2189E-8720-48BB-85D8-78C916228CE3} = {FDB2DD40-3ACC-4E6C-80E8-CEFB5587079A}
		{57B0D102-38FD-490F-8374-5F94A7618A4A} = {FDB2DD40-3ACC-4E6C-80E8-CEFB5587079A}
		{A57B17F3-7D5B-42D2-8490-8F8A623D7559} = {FDB2DD40-3ACC-4E6C-80E8-CEFB5587079A}
	EndGlobalSection
	GlobalSection(ExtensibilityGlobals) = postSolution
		SolutionGuid = {32577E85-2A46-43E0-80F6-B59785C5E7B3}
	EndGlobalSection
EndGlobal
